{
  "version": 4,
  "terraform_version": "1.1.7",
  "serial": 7,
  "lineage": "b6323dae-3228-7708-5230-2d15bfc8956b",
  "outputs": {
    "keyname": {
      "value": "id_rsa",
      "type": "string"
    }
  },
  "resources": [
    {
      "mode": "managed",
      "type": "aws_instance",
      "name": "My-first",
      "provider": "provider[\"registry.terraform.io/hashicorp/aws\"]",
      "instances": [
        {
          "schema_version": 1,
          "attributes": {
            "ami": "ami-01f87c43e618bf8f0",
            "arn": "arn:aws:ec2:us-west-1:864416964448:instance/i-040d0f925b260b1cf",
            "associate_public_ip_address": true,
            "availability_zone": "us-west-1c",
            "capacity_reservation_specification": [
              {
                "capacity_reservation_preference": "open",
                "capacity_reservation_target": []
              }
            ],
            "cpu_core_count": 1,
            "cpu_threads_per_core": 1,
            "credit_specification": [
              {
                "cpu_credits": "standard"
              }
            ],
            "disable_api_termination": false,
            "ebs_block_device": [],
            "ebs_optimized": false,
            "enclave_options": [
              {
                "enabled": false
              }
            ],
            "ephemeral_block_device": [],
            "get_password_data": false,
            "hibernation": false,
            "host_id": null,
            "iam_instance_profile": "",
            "id": "i-040d0f925b260b1cf",
            "instance_initiated_shutdown_behavior": "stop",
            "instance_state": "running",
            "instance_type": "t2.micro",
            "ipv6_address_count": 0,
            "ipv6_addresses": [],
            "key_name": "",
            "launch_template": [],
            "metadata_options": [
              {
                "http_endpoint": "enabled",
                "http_put_response_hop_limit": 1,
                "http_tokens": "optional",
                "instance_metadata_tags": "disabled"
              }
            ],
            "monitoring": false,
            "network_interface": [],
            "outpost_arn": "",
            "password_data": "",
            "placement_group": "",
            "placement_partition_number": null,
            "primary_network_interface_id": "eni-0a2f164bd7f5befe7",
            "private_dns": "ip-172-31-7-179.us-west-1.compute.internal",
            "private_ip": "172.31.7.179",
            "public_dns": "ec2-54-219-82-25.us-west-1.compute.amazonaws.com",
            "public_ip": "54.219.82.25",
            "root_block_device": [
              {
                "delete_on_termination": true,
                "device_name": "/dev/sda1",
                "encrypted": false,
                "iops": 100,
                "kms_key_id": "",
                "tags": {},
                "throughput": 0,
                "volume_id": "vol-07482cbcd1fc0ad1e",
                "volume_size": 8,
                "volume_type": "gp2"
              }
            ],
            "secondary_private_ips": [],
            "security_groups": [
              "default"
            ],
            "source_dest_check": true,
            "subnet_id": "subnet-07d0ace5c99091ce2",
            "tags": {
              "Name": "my_first"
            },
            "tags_all": {
              "Name": "my_first"
            },
            "tenancy": "default",
            "timeouts": null,
            "user_data": null,
            "user_data_base64": null,
            "volume_tags": null,
            "vpc_security_group_ids": [
              "sg-07b4199bc4732c159"
            ]
          },
          "sensitive_attributes": [],
          "private": "eyJlMmJmYjczMC1lY2FhLTExZTYtOGY4OC0zNDM2M2JjN2M0YzAiOnsiY3JlYXRlIjo2MDAwMDAwMDAwMDAsImRlbGV0ZSI6MTIwMDAwMDAwMDAwMCwidXBkYXRlIjo2MDAwMDAwMDAwMDB9LCJzY2hlbWFfdmVyc2lvbiI6IjEifQ=="
        }
      ]
    },
    {
      "mode": "managed",
      "type": "aws_key_pair",
      "name": "id_rsa",
      "provider": "provider[\"registry.terraform.io/hashicorp/aws\"]",
      "instances": [
        {
          "schema_version": 1,
          "attributes": {
            "arn": "arn:aws:ec2:us-west-1:864416964448:key-pair/id_rsa",
            "fingerprint": "2d:81:d7:f9:06:36:ba:1d:e7:4f:60:cb:a2:67:d6:be",
            "id": "id_rsa",
            "key_name": "id_rsa",
            "key_name_prefix": "",
            "key_pair_id": "key-0d6bbf4b056e83501",
            "public_key": "ssh-rsa AAAAB3NzaC1yc2EAAAADAQABAAABAQCzvB/FzeSLVQ9or+wYa+cjrAxOM1WTr007EhIZYuWYdrQKQsKZyNrMFadMniyiVDzexIdztJ4EyHcQirzfaFkm2+Tumpaf6GeFptUYCXsdHJL+47uiIioKPI+xmssuTg7/M9u8OhwoezbFBfnHTN63CImb85cciR1jprbdikwexDk8oc654oYwjwj/3z8OffizAJJgqG3U6Q3G70yTJqj2f0W8BUV1hgRf/dviZS3+wswQY4hsjDm7ukgYiY6PNdX2wp4w2bE0J2aaKmcBODbEMVkzQQqf4DJ8c3BRNrvx+MMD+PChdzLa3xWU2wzA71OjOMEw17JVm+8guZ2I9H/9 root@DESKTOP-B0QLM1J",
            "tags": {},
            "tags_all": {}
          },
          "sensitive_attributes": [],
          "private": "eyJzY2hlbWFfdmVyc2lvbiI6IjEifQ=="
        }
      ]
    }
  ]
}
