{
  "version": 4,
  "terraform_version": "1.1.7",
  "serial": 5,
  "lineage": "b6323dae-3228-7708-5230-2d15bfc8956b",
  "outputs": {
    "keyname": {
      "value": "id_rsa",
      "type": "string"
    }
  },
  "resources": [
    {
      "mode": "managed",
      "type": "aws_key_pair",
      "name": "id_rsa",
      "provider": "provider[\"registry.terraform.io/hashicorp/aws\"]",
      "instances": [
        {
          "schema_version": 1,
          "attributes": {
            "arn": "arn:aws:ec2:us-west-1:864416964448:key-pair/id_rsa",
            "fingerprint": "2d:81:d7:f9:06:36:ba:1d:e7:4f:60:cb:a2:67:d6:be",
            "id": "id_rsa",
            "key_name": "id_rsa",
            "key_name_prefix": "",
            "key_pair_id": "key-0d6bbf4b056e83501",
            "public_key": "ssh-rsa AAAAB3NzaC1yc2EAAAADAQABAAABAQCzvB/FzeSLVQ9or+wYa+cjrAxOM1WTr007EhIZYuWYdrQKQsKZyNrMFadMniyiVDzexIdztJ4EyHcQirzfaFkm2+Tumpaf6GeFptUYCXsdHJL+47uiIioKPI+xmssuTg7/M9u8OhwoezbFBfnHTN63CImb85cciR1jprbdikwexDk8oc654oYwjwj/3z8OffizAJJgqG3U6Q3G70yTJqj2f0W8BUV1hgRf/dviZS3+wswQY4hsjDm7ukgYiY6PNdX2wp4w2bE0J2aaKmcBODbEMVkzQQqf4DJ8c3BRNrvx+MMD+PChdzLa3xWU2wzA71OjOMEw17JVm+8guZ2I9H/9 root@DESKTOP-B0QLM1J",
            "tags": {},
            "tags_all": {}
          },
          "sensitive_attributes": [],
          "private": "eyJzY2hlbWFfdmVyc2lvbiI6IjEifQ=="
        }
      ]
    }
  ]
}
